
Microsoft Visual Studio Solution File, Format Version 12.00
# Visual Studio Version 17
VisualStudioVersion = 17.6.33723.286
MinimumVisualStudioVersion = 10.0.40219.1
Project("{8BC9CEB8-8B4A-11D0-8D11-00A0C91BC942}") = "Sorting by counting", "Sorting by counting\Sorting by counting.vcxproj", "{E49275DA-B112-4E97-B8D2-31035A6C9A27}"
EndProject
Global
	GlobalSection(SolutionConfigurationPlatforms) = preSolution
		Debug|x64 = Debug|x64
		Debug|x86 = Debug|x86
		Release|x64 = Release|x64
		Release|x86 = Release|x86
	EndGlobalSection
	GlobalSection(ProjectConfigurationPlatforms) = postSolution
		{E49275DA-B112-4E97-B8D2-31035A6C9A27}.Debug|x64.ActiveCfg = Debug|x64
		{E49275DA-B112-4E97-B8D2-31035A6C9A27}.Debug|x64.Build.0 = Debug|x64
		{E49275DA-B112-4E97-B8D2-31035A6C9A27}.Debug|x86.ActiveCfg = Debug|Win32
		{E49275DA-B112-4E97-B8D2-31035A6C9A27}.Debug|x86.Build.0 = Debug|Win32
		{E49275DA-B112-4E97-B8D2-31035A6C9A27}.Release|x64.ActiveCfg = Release|x64
		{E49275DA-B112-4E97-B8D2-31035A6C9A27}.Release|x64.Build.0 = Release|x64
		{E49275DA-B112-4E97-B8D2-31035A6C9A27}.Release|x86.ActiveCfg = Release|Win32
		{E49275DA-B112-4E97-B8D2-31035A6C9A27}.Release|x86.Build.0 = Release|Win32
	EndGlobalSection
	GlobalSection(SolutionProperties) = preSolution
		HideSolutionNode = FALSE
	EndGlobalSection
	GlobalSection(ExtensibilityGlobals) = postSolution
		SolutionGuid = {4088CBAB-6D5D-45FD-98A0-653D01A0F5CD}
	EndGlobalSection
EndGlobal
